// !$*UTF8*$!
{
	archiveVersion = 1;
	classes = {
	};
	objectVersion = 46;
	objects = {

/* Begin PBXBuildFile section */
		B9A59E791ACE7B9300F9A180 /* main.c in Sources */ = {isa = PBXBuildFile; fileRef = B9A59E781ACE7B9300F9A180 /* main.c */; };
		B9A59E841ACE7E8200F9A180 /* logging.c in Sources */ = {isa = PBXBuildFile; fileRef = B9A59E821ACE7E8200F9A180 /* logging.c */; };
		B9A59E871ACE90B800F9A180 /* options.c in Sources */ = {isa = PBXBuildFile; fileRef = B9A59E851ACE90B800F9A180 /* options.c */; };
		B9A59E8A1ACE9D7500F9A180 /* piutil.c in Sources */ = {isa = PBXBuildFile; fileRef = B9A59E881ACE9D7500F9A180 /* piutil.c */; };
		B9A59E8D1ACEA91500F9A180 /* server.c in Sources */ = {isa = PBXBuildFile; fileRef = B9A59E8B1ACEA91500F9A180 /* server.c */; };
		B9A59E901ACEAA8C00F9A180 /* mongoose.c in Sources */ = {isa = PBXBuildFile; fileRef = B9A59E8E1ACEAA8C00F9A180 /* mongoose.c */; };
		B9A59E941AD0141200F9A180 /* streamaudio.c in Sources */ = {isa = PBXBuildFile; fileRef = B9A59E921AD0141200F9A180 /* streamaudio.c */; };
/* End PBXBuildFile section */

/* Begin PBXCopyFilesBuildPhase section */
		B9A59E731ACE7B9300F9A180 /* CopyFiles */ = {
			isa = PBXCopyFilesBuildPhase;
			buildActionMask = 2147483647;
			dstPath = /usr/share/man/man1/;
			dstSubfolderSpec = 0;
			files = (
			);
			runOnlyForDeploymentPostprocessing = 1;
		};
/* End PBXCopyFilesBuildPhase section */

/* Begin PBXFileReference section */
		B9A59E751ACE7B9300F9A180 /* PiPlayer */ = {isa = PBXFileReference; explicitFileType = "compiled.mach-o.executable"; includeInIndex = 0; path = PiPlayer; sourceTree = BUILT_PRODUCTS_DIR; };
		B9A59E781ACE7B9300F9A180 /* main.c */ = {isa = PBXFileReference; lastKnownFileType = sourcecode.c.c; path = main.c; sourceTree = "<group>"; };
		B9A59E821ACE7E8200F9A180 /* logging.c */ = {isa = PBXFileReference; fileEncoding = 4; lastKnownFileType = sourcecode.c.c; path = logging.c; sourceTree = "<group>"; };
		B9A59E831ACE7E8200F9A180 /* logging.h */ = {isa = PBXFileReference; fileEncoding = 4; lastKnownFileType = sourcecode.c.h; path = logging.h; sourceTree = "<group>"; };
		B9A59E851ACE90B800F9A180 /* options.c */ = {isa = PBXFileReference; fileEncoding = 4; lastKnownFileType = sourcecode.c.c; path = options.c; sourceTree = "<group>"; };
		B9A59E861ACE90B800F9A180 /* options.h */ = {isa = PBXFileReference; fileEncoding = 4; lastKnownFileType = sourcecode.c.h; path = options.h; sourceTree = "<group>"; };
		B9A59E881ACE9D7500F9A180 /* piutil.c */ = {isa = PBXFileReference; fileEncoding = 4; lastKnownFileType = sourcecode.c.c; path = piutil.c; sourceTree = "<group>"; };
		B9A59E891ACE9D7500F9A180 /* piutil.h */ = {isa = PBXFileReference; fileEncoding = 4; lastKnownFileType = sourcecode.c.h; path = piutil.h; sourceTree = "<group>"; };
		B9A59E8B1ACEA91500F9A180 /* server.c */ = {isa = PBXFileReference; fileEncoding = 4; lastKnownFileType = sourcecode.c.c; path = server.c; sourceTree = "<group>"; };
		B9A59E8C1ACEA91500F9A180 /* server.h */ = {isa = PBXFileReference; fileEncoding = 4; lastKnownFileType = sourcecode.c.h; path = server.h; sourceTree = "<group>"; };
		B9A59E8E1ACEAA8C00F9A180 /* mongoose.c */ = {isa = PBXFileReference; fileEncoding = 4; lastKnownFileType = sourcecode.c.c; path = mongoose.c; sourceTree = "<group>"; };
		B9A59E8F1ACEAA8C00F9A180 /* mongoose.h */ = {isa = PBXFileReference; fileEncoding = 4; lastKnownFileType = sourcecode.c.h; path = mongoose.h; sourceTree = "<group>"; };
		B9A59E921AD0141200F9A180 /* streamaudio.c */ = {isa = PBXFileReference; fileEncoding = 4; lastKnownFileType = sourcecode.c.c; path = streamaudio.c; sourceTree = "<group>"; };
		B9A59E931AD0141200F9A180 /* streamaudio.h */ = {isa = PBXFileReference; fileEncoding = 4; lastKnownFileType = sourcecode.c.h; path = streamaudio.h; sourceTree = "<group>"; };
/* End PBXFileReference section */

/* Begin PBXFrameworksBuildPhase section */
		B9A59E721ACE7B9300F9A180 /* Frameworks */ = {
			isa = PBXFrameworksBuildPhase;
			buildActionMask = 2147483647;
			files = (
			);
			runOnlyForDeploymentPostprocessing = 0;
		};
/* End PBXFrameworksBuildPhase section */

/* Begin PBXGroup section */
		B9A59E6C1ACE7B9300F9A180 = {
			isa = PBXGroup;
			children = (
				B9A59E771ACE7B9300F9A180 /* PiPlayer */,
				B9A59E761ACE7B9300F9A180 /* Products */,
			);
			sourceTree = "<group>";
		};
		B9A59E761ACE7B9300F9A180 /* Products */ = {
			isa = PBXGroup;
			children = (
				B9A59E751ACE7B9300F9A180 /* PiPlayer */,
			);
			name = Products;
			sourceTree = "<group>";
		};
		B9A59E771ACE7B9300F9A180 /* PiPlayer */ = {
			isa = PBXGroup;
			children = (
				B9A59E911AD0121600F9A180 /* inc */,
				B9A59E781ACE7B9300F9A180 /* main.c */,
				B9A59E821ACE7E8200F9A180 /* logging.c */,
				B9A59E831ACE7E8200F9A180 /* logging.h */,
				B9A59E851ACE90B800F9A180 /* options.c */,
				B9A59E861ACE90B800F9A180 /* options.h */,
				B9A59E881ACE9D7500F9A180 /* piutil.c */,
				B9A59E891ACE9D7500F9A180 /* piutil.h */,
				B9A59E8B1ACEA91500F9A180 /* server.c */,
				B9A59E8C1ACEA91500F9A180 /* server.h */,
				B9A59E921AD0141200F9A180 /* streamaudio.c */,
				B9A59E931AD0141200F9A180 /* streamaudio.h */,
			);
			path = PiPlayer;
			sourceTree = "<group>";
		};
		B9A59E911AD0121600F9A180 /* inc */ = {
			isa = PBXGroup;
			children = (
				B9A59E8E1ACEAA8C00F9A180 /* mongoose.c */,
				B9A59E8F1ACEAA8C00F9A180 /* mongoose.h */,
			);
			name = inc;
			sourceTree = "<group>";
		};
/* End PBXGroup section */

/* Begin PBXNativeTarget section */
		B9A59E741ACE7B9300F9A180 /* PiPlayer */ = {
			isa = PBXNativeTarget;
			buildConfigurationList = B9A59E7C1ACE7B9300F9A180 /* Build configuration list for PBXNativeTarget "PiPlayer" */;
			buildPhases = (
				B9A59E711ACE7B9300F9A180 /* Sources */,
				B9A59E721ACE7B9300F9A180 /* Frameworks */,
				B9A59E731ACE7B9300F9A180 /* CopyFiles */,
			);
			buildRules = (
			);
			dependencies = (
			);
			name = PiPlayer;
			productName = PiPlayer;
			productReference = B9A59E751ACE7B9300F9A180 /* PiPlayer */;
			productType = "com.apple.product-type.tool";
		};
/* End PBXNativeTarget section */

/* Begin PBXProject section */
		B9A59E6D1ACE7B9300F9A180 /* Project object */ = {
			isa = PBXProject;
			attributes = {
				LastUpgradeCheck = 0610;
				ORGANIZATIONNAME = "Jem Tucker";
				TargetAttributes = {
					B9A59E741ACE7B9300F9A180 = {
						CreatedOnToolsVersion = 6.1;
					};
				};
			};
			buildConfigurationList = B9A59E701ACE7B9300F9A180 /* Build configuration list for PBXProject "PiPlayer" */;
			compatibilityVersion = "Xcode 3.2";
			developmentRegion = English;
			hasScannedForEncodings = 0;
			knownRegions = (
				en,
			);
			mainGroup = B9A59E6C1ACE7B9300F9A180;
			productRefGroup = B9A59E761ACE7B9300F9A180 /* Products */;
			projectDirPath = "";
			projectRoot = "";
			targets = (
				B9A59E741ACE7B9300F9A180 /* PiPlayer */,
			);
		};
/* End PBXProject section */

/* Begin PBXSourcesBuildPhase section */
		B9A59E711ACE7B9300F9A180 /* Sources */ = {
			isa = PBXSourcesBuildPhase;
			buildActionMask = 2147483647;
			files = (
				B9A59E941AD0141200F9A180 /* streamaudio.c in Sources */,
				B9A59E8A1ACE9D7500F9A180 /* piutil.c in Sources */,
				B9A59E791ACE7B9300F9A180 /* main.c in Sources */,
				B9A59E871ACE90B800F9A180 /* options.c in Sources */,
				B9A59E8D1ACEA91500F9A180 /* server.c in Sources */,
				B9A59E901ACEAA8C00F9A180 /* mongoose.c in Sources */,
				B9A59E841ACE7E8200F9A180 /* logging.c in Sources */,
			);
			runOnlyForDeploymentPostprocessing = 0;
		};
/* End PBXSourcesBuildPhase section */

/* Begin XCBuildConfiguration section */
		B9A59E7A1ACE7B9300F9A180 /* Debug */ = {
			isa = XCBuildConfiguration;
			buildSettings = {
				ALWAYS_SEARCH_USER_PATHS = NO;
				CLANG_CXX_LANGUAGE_STANDARD = "gnu++0x";
				CLANG_CXX_LIBRARY = "libc++";
				CLANG_ENABLE_MODULES = YES;
				CLANG_ENABLE_OBJC_ARC = YES;
				CLANG_WARN_BOOL_CONVERSION = YES;
				CLANG_WARN_CONSTANT_CONVERSION = YES;
				CLANG_WARN_DIRECT_OBJC_ISA_USAGE = YES_ERROR;
				CLANG_WARN_EMPTY_BODY = YES;
				CLANG_WARN_ENUM_CONVERSION = YES;
				CLANG_WARN_INT_CONVERSION = YES;
				CLANG_WARN_OBJC_ROOT_CLASS = YES_ERROR;
				CLANG_WARN_UNREACHABLE_CODE = YES;
				CLANG_WARN__DUPLICATE_METHOD_MATCH = YES;
				COPY_PHASE_STRIP = NO;
				ENABLE_STRICT_OBJC_MSGSEND = YES;
				GCC_C_LANGUAGE_STANDARD = gnu99;
				GCC_DYNAMIC_NO_PIC = NO;
				GCC_OPTIMIZATION_LEVEL = 0;
				GCC_PREPROCESSOR_DEFINITIONS = (
					"DEBUG=1",
					"$(inherited)",
				);
				GCC_SYMBOLS_PRIVATE_EXTERN = NO;
				GCC_WARN_64_TO_32_BIT_CONVERSION = YES;
				GCC_WARN_ABOUT_RETURN_TYPE = YES_ERROR;
				GCC_WARN_UNDECLARED_SELECTOR = YES;
				GCC_WARN_UNINITIALIZED_AUTOS = YES_AGGRESSIVE;
				GCC_WARN_UNUSED_FUNCTION = YES;
				GCC_WARN_UNUSED_VARIABLE = YES;
				MACOSX_DEPLOYMENT_TARGET = 10.10;
				MTL_ENABLE_DEBUG_INFO = YES;
				ONLY_ACTIVE_ARCH = YES;
				SDKROOT = macosx;
			};
			name = Debug;
		};
		B9A59E7B1ACE7B9300F9A180 /* Release */ = {
			isa = XCBuildConfiguration;
			buildSettings = {
				ALWAYS_SEARCH_USER_PATHS = NO;
				CLANG_CXX_LANGUAGE_STANDARD = "gnu++0x";
				CLANG_CXX_LIBRARY = "libc++";
				CLANG_ENABLE_MODULES = YES;
				CLANG_ENABLE_OBJC_ARC = YES;
				CLANG_WARN_BOOL_CONVERSION = YES;
				CLANG_WARN_CONSTANT_CONVERSION = YES;
				CLANG_WARN_DIRECT_OBJC_ISA_USAGE = YES_ERROR;
				CLANG_WARN_EMPTY_BODY = YES;
				CLANG_WARN_ENUM_CONVERSION = YES;
				CLANG_WARN_INT_CONVERSION = YES;
				CLANG_WARN_OBJC_ROOT_CLASS = YES_ERROR;
				CLANG_WARN_UNREACHABLE_CODE = YES;
				CLANG_WARN__DUPLICATE_METHOD_MATCH = YES;
				COPY_PHASE_STRIP = YES;
				DEBUG_INFORMATION_FORMAT = "dwarf-with-dsym";
				ENABLE_NS_ASSERTIONS = NO;
				ENABLE_STRICT_OBJC_MSGSEND = YES;
				GCC_C_LANGUAGE_STANDARD = gnu99;
				GCC_WARN_64_TO_32_BIT_CONVERSION = YES;
				GCC_WARN_ABOUT_RETURN_TYPE = YES_ERROR;
				GCC_WARN_UNDECLARED_SELECTOR = YES;
				GCC_WARN_UNINITIALIZED_AUTOS = YES_AGGRESSIVE;
				GCC_WARN_UNUSED_FUNCTION = YES;
				GCC_WARN_UNUSED_VARIABLE = YES;
				MACOSX_DEPLOYMENT_TARGET = 10.10;
				MTL_ENABLE_DEBUG_INFO = NO;
				SDKROOT = macosx;
			};
			name = Release;
		};
		B9A59E7D1ACE7B9300F9A180 /* Debug */ = {
			isa = XCBuildConfiguration;
			buildSettings = {
				HEADER_SEARCH_PATHS = (
					"$(inherited)",
					/Applications/Xcode.app/Contents/Developer/Toolchains/XcodeDefault.xctoolchain/usr/include,
					/usr/local/Cellar/libao/1.2.0/include,
					/usr/local/Cellar/mpg123/1.21.0/include,
				);
				LIBRARY_SEARCH_PATHS = (
					/usr/local/Cellar/libao/1.2.0/lib,
					/usr/local/Cellar/mpg123/1.21.0/lib,
				);
				OTHER_LDFLAGS = (
					"-lao",
					"-lmpg123",
					"-lcurl",
				);
				PRODUCT_NAME = "$(TARGET_NAME)";
			};
			name = Debug;
		};
		B9A59E7E1ACE7B9300F9A180 /* Release */ = {
			isa = XCBuildConfiguration;
			buildSettings = {
				HEADER_SEARCH_PATHS = (
					"$(inherited)",
					/Applications/Xcode.app/Contents/Developer/Toolchains/XcodeDefault.xctoolchain/usr/include,
					/usr/local/Cellar/libao/1.2.0/include,
					/usr/local/Cellar/mpg123/1.21.0/include,
				);
				LIBRARY_SEARCH_PATHS = (
					/usr/local/Cellar/libao/1.2.0/lib,
					/usr/local/Cellar/mpg123/1.21.0/lib,
				);
				OTHER_LDFLAGS = (
					"-lao",
					"-lmpg123",
					"-lcurl",
				);
				PRODUCT_NAME = "$(TARGET_NAME)";
			};
			name = Release;
		};
/* End XCBuildConfiguration section */

/* Begin XCConfigurationList section */
		B9A59E701ACE7B9300F9A180 /* Build configuration list for PBXProject "PiPlayer" */ = {
			isa = XCConfigurationList;
			buildConfigurations = (
				B9A59E7A1ACE7B9300F9A180 /* Debug */,
				B9A59E7B1ACE7B9300F9A180 /* Release */,
			);
			defaultConfigurationIsVisible = 0;
			defaultConfigurationName = Release;
		};
		B9A59E7C1ACE7B9300F9A180 /* Build configuration list for PBXNativeTarget "PiPlayer" */ = {
			isa = XCConfigurationList;
			buildConfigurations = (
				B9A59E7D1ACE7B9300F9A180 /* Debug */,
				B9A59E7E1ACE7B9300F9A180 /* Release */,
			);
			defaultConfigurationIsVisible = 0;
			defaultConfigurationName = Release;
		};
/* End XCConfigurationList section */
	};
	rootObject = B9A59E6D1ACE7B9300F9A180 /* Project object */;
}
